# This file was autogenerated by Stack.
# You should not edit this file by hand.
# For more information, please see the documentation at:
#   https://docs.haskellstack.org/en/stable/lock_files

packages:
- completed:
    hackage: prometheus-client-1.0.0.1@sha256:f0460511cdbc3c1cd3dd6657c30be7d9ab6dcc5928a1f491006bd80bdf4c7a06,2520
    pantry-tree:
      size: 1225
      sha256: 5c01fb06529b91a0bf7c8183604df4d6bdb19c13a19f2c00b90282b454d21af3
  original:
    hackage: prometheus-client-1.0.0.1@sha256:f0460511cdbc3c1cd3dd6657c30be7d9ab6dcc5928a1f491006bd80bdf4c7a06,2520
- completed:
    hackage: wai-middleware-prometheus-1.0.0@sha256:1625792914fb2139f005685be8ce519111451cfb854816e430fbf54af46238b4,1314
    pantry-tree:
      size: 307
      sha256: 6d64803c639ed4c7204ea6fab0536b97d3ee16cdecb9b4a883cd8e56d3c61402
  original:
    hackage: wai-middleware-prometheus-1.0.0@sha256:1625792914fb2139f005685be8ce519111451cfb854816e430fbf54af46238b4,1314
- completed:
    hackage: prometheus-metrics-ghc-1.0.1@sha256:d12cd520cbedff91bd193e0192056474723e953e69cdf817fb79494d110df390,1231
    pantry-tree:
      size: 293
      sha256: b412f2835ee5791a7f4f634c416227b70bae50511666d9f68683e5e21b5c2821
  original:
    hackage: prometheus-metrics-ghc-1.0.1@sha256:d12cd520cbedff91bd193e0192056474723e953e69cdf817fb79494d110df390,1231
- completed:
    hackage: warp-3.3.12@sha256:58f2e932be63c89db71a596c43d1ad5f98d8599bd0fb7a7082047f223f49df01,10798
    pantry-tree:
      size: 3899
      sha256: 0a187a7a99d0639526cbc9a1f6c900593d2b6e993a32ecfdc3a9d7c8bae7228a
  original:
    hackage: warp-3.3.12@sha256:58f2e932be63c89db71a596c43d1ad5f98d8599bd0fb7a7082047f223f49df01,10798
- completed:
    hackage: polysemy-webserver-0.1.0.0@sha256:008497bd1c79403a6b64f71ccf0627d10762a9dd1798da055c932a53dc665a2e,1775
    pantry-tree:
      size: 329
      sha256: 56dcc59d06952e818f7459f666f9972db107e77ff36b4d5c264c4ca4b865754c
  original:
    hackage: polysemy-webserver-0.1.0.0@sha256:008497bd1c79403a6b64f71ccf0627d10762a9dd1798da055c932a53dc665a2e,1775
- completed:
    hackage: polysemy-plugin-0.2.5.0@sha256:67e30be568a141b852aace1a60e180cb5060fbb2835365a81a3ea779536d6d35,2952
    pantry-tree:
      size: 1232
      sha256: 5c90dac2eba48b4e337b302347c233ecaedb63e333641e094e718a548ac86711
  original:
    hackage: polysemy-plugin-0.2.5.0@sha256:67e30be568a141b852aace1a60e180cb5060fbb2835365a81a3ea779536d6d35,2952
- completed:
    hackage: ghc-tcplugins-extra-0.3.2@sha256:1bbfd4449c3669a31618ea0ebc5d00d980a53988daad3b6218bab5c8cdff268d,1687
    pantry-tree:
      size: 331
      sha256: 4b16989344380c912e476dc232cc58264837b498e31a8bf16a17092ba6c1cfb9
  original:
    hackage: ghc-tcplugins-extra-0.3.2@sha256:1bbfd4449c3669a31618ea0ebc5d00d980a53988daad3b6218bab5c8cdff268d,1687
- completed:
    hackage: polysemy-1.3.0.0@sha256:fa76e96a883fd1c4bdbad792a0a9d88f59f84817651aea5c71d9b4f74e42c5b6,6141
    pantry-tree:
      size: 4309
      sha256: 3d2fb15ddda9053f6bfd4b0810a79a9542505acb5e7e528856ec3cd86d6df066
  original:
    hackage: polysemy-1.3.0.0@sha256:fa76e96a883fd1c4bdbad792a0a9d88f59f84817651aea5c71d9b4f74e42c5b6,6141
snapshots:
- completed:
    size: 496111
    url: https://raw.githubusercontent.com/commercialhaskell/stackage-snapshots/master/lts/15/14.yaml
    sha256: c442d702d66b8c129b3473a32c609050aabf1dc2f8e8502402c143271a8fb141
  original: lts-15.14
