# This file was autogenerated by Stack.
# You should not edit this file by hand.
# For more information, please see the documentation at:
#   https://docs.haskellstack.org/en/stable/lock_files

packages:
- completed:
    hackage: prometheus-client-1.0.0.1@sha256:f0460511cdbc3c1cd3dd6657c30be7d9ab6dcc5928a1f491006bd80bdf4c7a06,2520
    pantry-tree:
      size: 1225
      sha256: 5c01fb06529b91a0bf7c8183604df4d6bdb19c13a19f2c00b90282b454d21af3
  original:
    hackage: prometheus-client-1.0.0.1@sha256:f0460511cdbc3c1cd3dd6657c30be7d9ab6dcc5928a1f491006bd80bdf4c7a06,2520
- completed:
    hackage: wai-middleware-prometheus-1.0.0@sha256:1625792914fb2139f005685be8ce519111451cfb854816e430fbf54af46238b4,1314
    pantry-tree:
      size: 307
      sha256: 6d64803c639ed4c7204ea6fab0536b97d3ee16cdecb9b4a883cd8e56d3c61402
  original:
    hackage: wai-middleware-prometheus-1.0.0@sha256:1625792914fb2139f005685be8ce519111451cfb854816e430fbf54af46238b4,1314
- completed:
    hackage: prometheus-metrics-ghc-1.0.1@sha256:d12cd520cbedff91bd193e0192056474723e953e69cdf817fb79494d110df390,1231
    pantry-tree:
      size: 293
      sha256: b412f2835ee5791a7f4f634c416227b70bae50511666d9f68683e5e21b5c2821
  original:
    hackage: prometheus-metrics-ghc-1.0.1@sha256:d12cd520cbedff91bd193e0192056474723e953e69cdf817fb79494d110df390,1231
- completed:
    hackage: warp-3.3.12@sha256:58f2e932be63c89db71a596c43d1ad5f98d8599bd0fb7a7082047f223f49df01,10798
    pantry-tree:
      size: 3899
      sha256: 0a187a7a99d0639526cbc9a1f6c900593d2b6e993a32ecfdc3a9d7c8bae7228a
  original:
    hackage: warp-3.3.12@sha256:58f2e932be63c89db71a596c43d1ad5f98d8599bd0fb7a7082047f223f49df01,10798
- completed:
    hackage: polysemy-plugin-0.2.5.0@sha256:67e30be568a141b852aace1a60e180cb5060fbb2835365a81a3ea779536d6d35,2952
    pantry-tree:
      size: 1232
      sha256: 5c90dac2eba48b4e337b302347c233ecaedb63e333641e094e718a548ac86711
  original:
    hackage: polysemy-plugin-0.2.5.0@sha256:67e30be568a141b852aace1a60e180cb5060fbb2835365a81a3ea779536d6d35,2952
- completed:
    hackage: ghc-tcplugins-extra-0.3.2@sha256:1bbfd4449c3669a31618ea0ebc5d00d980a53988daad3b6218bab5c8cdff268d,1687
    pantry-tree:
      size: 331
      sha256: 4b16989344380c912e476dc232cc58264837b498e31a8bf16a17092ba6c1cfb9
  original:
    hackage: ghc-tcplugins-extra-0.3.2@sha256:1bbfd4449c3669a31618ea0ebc5d00d980a53988daad3b6218bab5c8cdff268d,1687
- completed:
    cabal-file:
      size: 5919
      sha256: 67416c9b3fc2a4cdd5dd7cd25d51c24060bf4aa05a93109d58a6296c780ae34e
    name: polysemy
    version: 1.3.0.0
    git: https://github.com/polysemy-research/polysemy.git
    pantry-tree:
      size: 6427
      sha256: 93828eb4894103ee6a5b9740bf4c10cc8682fafa1de9de6984e9d7b92186810a
    commit: de19721ef5d3dc64d50a1571c45d933e7f17305a
  original:
    git: https://github.com/polysemy-research/polysemy.git
    commit: de19721ef5d3dc64d50a1571c45d933e7f17305a
- completed:
    hackage: serialport-0.4.7@sha256:faff483f73c8e8e9661dae3788795bb0f4a38413a49fccb77bcdc6827af50182,1430
    pantry-tree:
      size: 762
      sha256: 50b9cd8cc7937d91834a499171f8d0904f63381dda4d90b546fa6f16f1bec2c3
  original:
    hackage: serialport-0.4.7@sha256:faff483f73c8e8e9661dae3788795bb0f4a38413a49fccb77bcdc6827af50182,1430
snapshots:
- completed:
    size: 496111
    url: https://raw.githubusercontent.com/commercialhaskell/stackage-snapshots/master/lts/15/14.yaml
    sha256: c442d702d66b8c129b3473a32c609050aabf1dc2f8e8502402c143271a8fb141
  original: lts-15.14
